
Microsoft Visual Studio Solution File, Format Version 12.00
# Visual Studio Version 17
VisualStudioVersion = 17.5.002.0
MinimumVisualStudioVersion = 10.0.40219.1
Project("{9A19103F-16F7-4668-BE54-9A1E7A4F7556}") = "Teste.FornecedoresApi", "Teste.FornecedoresApi.csproj", "{9E1BE21A-79C8-4714-BD6E-7B59C0AC145C}"
EndProject
Global
	GlobalSection(SolutionConfigurationPlatforms) = preSolution
		Debug|Any CPU = Debug|Any CPU
		Release|Any CPU = Release|Any CPU
	EndGlobalSection
	GlobalSection(ProjectConfigurationPlatforms) = postSolution
		{9E1BE21A-79C8-4714-BD6E-7B59C0AC145C}.Debug|Any CPU.ActiveCfg = Debug|Any CPU
		{9E1BE21A-79C8-4714-BD6E-7B59C0AC145C}.Debug|Any CPU.Build.0 = Debug|Any CPU
		{9E1BE21A-79C8-4714-BD6E-7B59C0AC145C}.Release|Any CPU.ActiveCfg = Release|Any CPU
		{9E1BE21A-79C8-4714-BD6E-7B59C0AC145C}.Release|Any CPU.Build.0 = Release|Any CPU
	EndGlobalSection
	GlobalSection(SolutionProperties) = preSolution
		HideSolutionNode = FALSE
	EndGlobalSection
	GlobalSection(ExtensibilityGlobals) = postSolution
		SolutionGuid = {74B5C908-A5CA-4E10-A030-ABF62A0A6E78}
	EndGlobalSection
EndGlobal
